
Microsoft Visual Studio Solution File, Format Version 12.00
# Visual Studio Version 17
VisualStudioVersion = 17.4.33103.184
MinimumVisualStudioVersion = 10.0.40219.1
Project("{9A19103F-16F7-4668-BE54-9A1E7A4F7556}") = "oneswiss-agent", "oneswiss-agent\oneswiss-agent.csproj", "{64A9A4CC-C67E-4217-A80F-172FC286EEE0}"
	ProjectSection(ProjectDependencies) = postProject
		{962697E9-BCC7-451C-A2A7-530D78B066CE} = {962697E9-BCC7-451C-A2A7-530D78B066CE}
	EndProjectSection
EndProject
Project("{9A19103F-16F7-4668-BE54-9A1E7A4F7556}") = "oneswiss-common", "oneswiss-common\oneswiss-common.csproj", "{962697E9-BCC7-451C-A2A7-530D78B066CE}"
EndProject
Project("{FAE04EC0-301F-11D3-BF4B-00C04F79EFBC}") = "oneswiss-v8", "oneswiss-v8\oneswiss-v8.csproj", "{4CE235AB-E07C-4A8F-9831-650F23039098}"
EndProject
Project("{FAE04EC0-301F-11D3-BF4B-00C04F79EFBC}") = "oneswiss-server", "oneswiss-server\oneswiss-server.csproj", "{F75175A6-85B3-45F0-AC39-9C0F7431E90D}"
EndProject
Project("{FAE04EC0-301F-11D3-BF4B-00C04F79EFBC}") = "oneswiss-oscript-integration", "oneswiss-oscript-integration\oneswiss-oscript-integration.csproj", "{DFB6D0CB-E6F8-4702-993C-71823A74AF48}"
EndProject
Global
	GlobalSection(SolutionConfigurationPlatforms) = preSolution
		Debug|Any CPU = Debug|Any CPU
		Release|Any CPU = Release|Any CPU
	EndGlobalSection
	GlobalSection(ProjectConfigurationPlatforms) = postSolution
		{64A9A4CC-C67E-4217-A80F-172FC286EEE0}.Debug|Any CPU.ActiveCfg = Debug|Any CPU
		{64A9A4CC-C67E-4217-A80F-172FC286EEE0}.Debug|Any CPU.Build.0 = Debug|Any CPU
		{64A9A4CC-C67E-4217-A80F-172FC286EEE0}.Release|Any CPU.ActiveCfg = Release|Any CPU
		{64A9A4CC-C67E-4217-A80F-172FC286EEE0}.Release|Any CPU.Build.0 = Release|Any CPU
		{962697E9-BCC7-451C-A2A7-530D78B066CE}.Debug|Any CPU.ActiveCfg = Debug|Any CPU
		{962697E9-BCC7-451C-A2A7-530D78B066CE}.Debug|Any CPU.Build.0 = Debug|Any CPU
		{962697E9-BCC7-451C-A2A7-530D78B066CE}.Release|Any CPU.ActiveCfg = Release|Any CPU
		{962697E9-BCC7-451C-A2A7-530D78B066CE}.Release|Any CPU.Build.0 = Release|Any CPU
		{4CE235AB-E07C-4A8F-9831-650F23039098}.Debug|Any CPU.ActiveCfg = Debug|Any CPU
		{4CE235AB-E07C-4A8F-9831-650F23039098}.Debug|Any CPU.Build.0 = Debug|Any CPU
		{4CE235AB-E07C-4A8F-9831-650F23039098}.Release|Any CPU.ActiveCfg = Release|Any CPU
		{4CE235AB-E07C-4A8F-9831-650F23039098}.Release|Any CPU.Build.0 = Release|Any CPU
		{F75175A6-85B3-45F0-AC39-9C0F7431E90D}.Debug|Any CPU.ActiveCfg = Debug|Any CPU
		{F75175A6-85B3-45F0-AC39-9C0F7431E90D}.Debug|Any CPU.Build.0 = Debug|Any CPU
		{F75175A6-85B3-45F0-AC39-9C0F7431E90D}.Release|Any CPU.ActiveCfg = Release|Any CPU
		{F75175A6-85B3-45F0-AC39-9C0F7431E90D}.Release|Any CPU.Build.0 = Release|Any CPU
		{DFB6D0CB-E6F8-4702-993C-71823A74AF48}.Debug|Any CPU.ActiveCfg = Debug|Any CPU
		{DFB6D0CB-E6F8-4702-993C-71823A74AF48}.Debug|Any CPU.Build.0 = Debug|Any CPU
		{DFB6D0CB-E6F8-4702-993C-71823A74AF48}.Release|Any CPU.ActiveCfg = Release|Any CPU
		{DFB6D0CB-E6F8-4702-993C-71823A74AF48}.Release|Any CPU.Build.0 = Release|Any CPU
	EndGlobalSection
	GlobalSection(SolutionProperties) = preSolution
		HideSolutionNode = FALSE
	EndGlobalSection
	GlobalSection(ExtensibilityGlobals) = postSolution
		SolutionGuid = {3D99014B-BF6D-4059-AB80-D39FDA9ADCDB}
	EndGlobalSection
EndGlobal
